
Microsoft Visual Studio Solution File, Format Version 12.00
# Visual Studio 15
VisualStudioVersion = 15.0.28307.329
MinimumVisualStudioVersion = 10.0.40219.1
Project("{FAE04EC0-301F-11D3-BF4B-00C04F79EFBC}") = "NovaTrack.WebApp", "NovaTrack.WebApp\NovaTrack.WebApp.csproj", "{C5224B8D-C5F7-40ED-9805-55C4D229AE9A}"
EndProject
Global
	GlobalSection(SolutionConfigurationPlatforms) = preSolution
		Debug|Any CPU = Debug|Any CPU
		Release|Any CPU = Release|Any CPU
	EndGlobalSection
	GlobalSection(ProjectConfigurationPlatforms) = postSolution
		{C5224B8D-C5F7-40ED-9805-55C4D229AE9A}.Debug|Any CPU.ActiveCfg = Debug|Any CPU
		{C5224B8D-C5F7-40ED-9805-55C4D229AE9A}.Debug|Any CPU.Build.0 = Debug|Any CPU
		{C5224B8D-C5F7-40ED-9805-55C4D229AE9A}.Release|Any CPU.ActiveCfg = Release|Any CPU
		{C5224B8D-C5F7-40ED-9805-55C4D229AE9A}.Release|Any CPU.Build.0 = Release|Any CPU
	EndGlobalSection
	GlobalSection(SolutionProperties) = preSolution
		HideSolutionNode = FALSE
	EndGlobalSection
	GlobalSection(ExtensibilityGlobals) = postSolution
		SolutionGuid = {9551B596-97DD-4B29-8986-45AEECA1F83B}
	EndGlobalSection
EndGlobal
